
Microsoft Visual Studio Solution File, Format Version 12.00
Project("{2150E333-8FDC-42A3-9474-1A3956D46DE8}") = "Server", "Server", "{E9E0CD56-8EF4-4943-81D3-99A752BBF090}"
EndProject
Project("{2150E333-8FDC-42A3-9474-1A3956D46DE8}") = "Client", "Client", "{D5FF5F81-FA2D-4428-9DDE-1070F58E443B}"
EndProject
Project("{FAE04EC0-301F-11D3-BF4B-00C04F79EFBC}") = "Puppet.Http", "Server\Puppet.Http\Puppet.Http.csproj", "{EF32A5D4-8C05-4673-9721-F2D52371D0D6}"
EndProject
Project("{FAE04EC0-301F-11D3-BF4B-00C04F79EFBC}") = "Puppet.Server.Console", "Server\Puppet.Server.Console\Puppet.Server.Console.csproj", "{3A003722-92A6-4CD3-BB05-24E7E73F1F02}"
EndProject
Project("{2150E333-8FDC-42A3-9474-1A3956D46DE8}") = "Tests", "Tests", "{25DAC367-BC60-4794-9492-C6176ABAD390}"
EndProject
Project("{FAE04EC0-301F-11D3-BF4B-00C04F79EFBC}") = "Generator.Tests", "Tests\Generator.Tests\Generator.Tests.csproj", "{520C97DA-968C-4E94-89CA-69B2989201D1}"
EndProject
Project("{FAE04EC0-301F-11D3-BF4B-00C04F79EFBC}") = "Puppet.Generator", "Client\Puppet.Generator\Puppet.Generator.csproj", "{D08B8DB0-CE7F-48DF-B017-168EC779E88E}"
EndProject
Project("{FAE04EC0-301F-11D3-BF4B-00C04F79EFBC}") = "Puppet.Client.Console", "Client\Puppet.Client.Console\Puppet.Client.Console.csproj", "{A52171AD-186E-484C-802C-537B259314F0}"
EndProject
Project("{FAE04EC0-301F-11D3-BF4B-00C04F79EFBC}") = "Puppet.MAUI.Sample", "Client\Puppet.MAUI.Sample\Puppet.MAUI.Sample.csproj", "{C5A4F9A7-AABE-4703-9906-A2CA1542AD2A}"
EndProject
Project("{FAE04EC0-301F-11D3-BF4B-00C04F79EFBC}") = "Puppet.MAUI", "Client\Puppet.MAUI\Puppet.MAUI.csproj", "{473EFF04-183A-4FEC-8AE0-26DD1579AF7C}"
EndProject
Project("{FAE04EC0-301F-11D3-BF4B-00C04F79EFBC}") = "Puppet.Client", "Client\Puppet.Client\Puppet.Client.csproj", "{6BFF406C-CB51-489E-9788-C95E64FC0114}"
EndProject
Project("{FAE04EC0-301F-11D3-BF4B-00C04F79EFBC}") = "Puppet.Shared", "Puppet.Shared\Puppet.Shared.csproj", "{5632FAF0-9C91-4997-8D37-64232886DE7C}"
EndProject
Global
	GlobalSection(SolutionConfigurationPlatforms) = preSolution
		Debug|Any CPU = Debug|Any CPU
		Release|Any CPU = Release|Any CPU
	EndGlobalSection
	GlobalSection(NestedProjects) = preSolution
		{EF32A5D4-8C05-4673-9721-F2D52371D0D6} = {E9E0CD56-8EF4-4943-81D3-99A752BBF090}
		{3A003722-92A6-4CD3-BB05-24E7E73F1F02} = {E9E0CD56-8EF4-4943-81D3-99A752BBF090}
		{520C97DA-968C-4E94-89CA-69B2989201D1} = {25DAC367-BC60-4794-9492-C6176ABAD390}
		{D08B8DB0-CE7F-48DF-B017-168EC779E88E} = {D5FF5F81-FA2D-4428-9DDE-1070F58E443B}
		{A52171AD-186E-484C-802C-537B259314F0} = {D5FF5F81-FA2D-4428-9DDE-1070F58E443B}
		{C5A4F9A7-AABE-4703-9906-A2CA1542AD2A} = {D5FF5F81-FA2D-4428-9DDE-1070F58E443B}
		{473EFF04-183A-4FEC-8AE0-26DD1579AF7C} = {D5FF5F81-FA2D-4428-9DDE-1070F58E443B}
		{6BFF406C-CB51-489E-9788-C95E64FC0114} = {D5FF5F81-FA2D-4428-9DDE-1070F58E443B}
	EndGlobalSection
	GlobalSection(ProjectConfigurationPlatforms) = postSolution
		{EF32A5D4-8C05-4673-9721-F2D52371D0D6}.Debug|Any CPU.ActiveCfg = Debug|Any CPU
		{EF32A5D4-8C05-4673-9721-F2D52371D0D6}.Debug|Any CPU.Build.0 = Debug|Any CPU
		{EF32A5D4-8C05-4673-9721-F2D52371D0D6}.Release|Any CPU.ActiveCfg = Release|Any CPU
		{EF32A5D4-8C05-4673-9721-F2D52371D0D6}.Release|Any CPU.Build.0 = Release|Any CPU
		{3A003722-92A6-4CD3-BB05-24E7E73F1F02}.Debug|Any CPU.ActiveCfg = Debug|Any CPU
		{3A003722-92A6-4CD3-BB05-24E7E73F1F02}.Debug|Any CPU.Build.0 = Debug|Any CPU
		{3A003722-92A6-4CD3-BB05-24E7E73F1F02}.Release|Any CPU.ActiveCfg = Release|Any CPU
		{3A003722-92A6-4CD3-BB05-24E7E73F1F02}.Release|Any CPU.Build.0 = Release|Any CPU
		{520C97DA-968C-4E94-89CA-69B2989201D1}.Debug|Any CPU.ActiveCfg = Debug|Any CPU
		{520C97DA-968C-4E94-89CA-69B2989201D1}.Debug|Any CPU.Build.0 = Debug|Any CPU
		{520C97DA-968C-4E94-89CA-69B2989201D1}.Release|Any CPU.ActiveCfg = Release|Any CPU
		{520C97DA-968C-4E94-89CA-69B2989201D1}.Release|Any CPU.Build.0 = Release|Any CPU
		{D08B8DB0-CE7F-48DF-B017-168EC779E88E}.Debug|Any CPU.ActiveCfg = Debug|Any CPU
		{D08B8DB0-CE7F-48DF-B017-168EC779E88E}.Debug|Any CPU.Build.0 = Debug|Any CPU
		{D08B8DB0-CE7F-48DF-B017-168EC779E88E}.Release|Any CPU.ActiveCfg = Release|Any CPU
		{D08B8DB0-CE7F-48DF-B017-168EC779E88E}.Release|Any CPU.Build.0 = Release|Any CPU
		{A52171AD-186E-484C-802C-537B259314F0}.Debug|Any CPU.ActiveCfg = Debug|Any CPU
		{A52171AD-186E-484C-802C-537B259314F0}.Debug|Any CPU.Build.0 = Debug|Any CPU
		{A52171AD-186E-484C-802C-537B259314F0}.Release|Any CPU.ActiveCfg = Release|Any CPU
		{A52171AD-186E-484C-802C-537B259314F0}.Release|Any CPU.Build.0 = Release|Any CPU
		{C5A4F9A7-AABE-4703-9906-A2CA1542AD2A}.Debug|Any CPU.ActiveCfg = Debug|Any CPU
		{C5A4F9A7-AABE-4703-9906-A2CA1542AD2A}.Debug|Any CPU.Build.0 = Debug|Any CPU
		{C5A4F9A7-AABE-4703-9906-A2CA1542AD2A}.Release|Any CPU.ActiveCfg = Release|Any CPU
		{C5A4F9A7-AABE-4703-9906-A2CA1542AD2A}.Release|Any CPU.Build.0 = Release|Any CPU
		{473EFF04-183A-4FEC-8AE0-26DD1579AF7C}.Debug|Any CPU.ActiveCfg = Debug|Any CPU
		{473EFF04-183A-4FEC-8AE0-26DD1579AF7C}.Debug|Any CPU.Build.0 = Debug|Any CPU
		{473EFF04-183A-4FEC-8AE0-26DD1579AF7C}.Release|Any CPU.ActiveCfg = Release|Any CPU
		{473EFF04-183A-4FEC-8AE0-26DD1579AF7C}.Release|Any CPU.Build.0 = Release|Any CPU
		{6BFF406C-CB51-489E-9788-C95E64FC0114}.Debug|Any CPU.ActiveCfg = Debug|Any CPU
		{6BFF406C-CB51-489E-9788-C95E64FC0114}.Debug|Any CPU.Build.0 = Debug|Any CPU
		{6BFF406C-CB51-489E-9788-C95E64FC0114}.Release|Any CPU.ActiveCfg = Release|Any CPU
		{6BFF406C-CB51-489E-9788-C95E64FC0114}.Release|Any CPU.Build.0 = Release|Any CPU
		{5632FAF0-9C91-4997-8D37-64232886DE7C}.Debug|Any CPU.ActiveCfg = Debug|Any CPU
		{5632FAF0-9C91-4997-8D37-64232886DE7C}.Debug|Any CPU.Build.0 = Debug|Any CPU
		{5632FAF0-9C91-4997-8D37-64232886DE7C}.Release|Any CPU.ActiveCfg = Release|Any CPU
		{5632FAF0-9C91-4997-8D37-64232886DE7C}.Release|Any CPU.Build.0 = Release|Any CPU
	EndGlobalSection
EndGlobal
