
Microsoft Visual Studio Solution File, Format Version 12.00
Project("{2150E333-8FDC-42A3-9474-1A3956D46DE8}") = "Server", "Server", "{E9E0CD56-8EF4-4943-81D3-99A752BBF090}"
EndProject
Project("{2150E333-8FDC-42A3-9474-1A3956D46DE8}") = "Client", "Client", "{D5FF5F81-FA2D-4428-9DDE-1070F58E443B}"
EndProject
Project("{2150E333-8FDC-42A3-9474-1A3956D46DE8}") = "Fody", "Fody", "{D34404DB-2D10-419F-8F9A-BAC74A37DFAC}"
EndProject
Project("{FAE04EC0-301F-11D3-BF4B-00C04F79EFBC}") = "PuppetAddin", "Client\Fody\PuppetAddin\PuppetAddin.csproj", "{218E3C94-F314-45DB-AFC7-44874BA21B37}"
	ProjectSection(ProjectDependencies) = postProject
		{C9D06962-C4AD-4AE6-A995-459A42215F7D} = {C9D06962-C4AD-4AE6-A995-459A42215F7D}
	EndProjectSection
EndProject
Project("{FAE04EC0-301F-11D3-BF4B-00C04F79EFBC}") = "PuppetAddin.Fody", "Client\Fody\PuppetAddin.Fody\PuppetAddin.Fody.csproj", "{C9D06962-C4AD-4AE6-A995-459A42215F7D}"
EndProject
Project("{FAE04EC0-301F-11D3-BF4B-00C04F79EFBC}") = "PuppetAddin.Sample", "Client\Fody\PuppetAddin.Sample\PuppetAddin.Sample.csproj", "{FC45F247-D3C2-406F-BF6F-91FE14D0A4DD}"
EndProject
Project("{2150E333-8FDC-42A3-9474-1A3956D46DE8}") = "Generator", "Generator", "{361126A1-A6A4-418D-8E16-C361FE406B91}"
EndProject
Project("{FAE04EC0-301F-11D3-BF4B-00C04F79EFBC}") = "Puppet.Generator", "Generator\Puppet.Generator\Puppet.Generator.csproj", "{B0C58450-701A-4911-AEE2-54F8348D8AA4}"
EndProject
Project("{FAE04EC0-301F-11D3-BF4B-00C04F79EFBC}") = "Puppet.ConsoleSample", "Generator\Puppet.ConsoleSample\Puppet.ConsoleSample.csproj", "{A3D15310-BB4E-4158-8F1D-1503B89D367A}"
EndProject
Project("{FAE04EC0-301F-11D3-BF4B-00C04F79EFBC}") = "Puppet.Http", "Server\Puppet.Http\Puppet.Http.csproj", "{EF32A5D4-8C05-4673-9721-F2D52371D0D6}"
EndProject
Project("{FAE04EC0-301F-11D3-BF4B-00C04F79EFBC}") = "Puppet.Console", "Server\Puppet.Console\Puppet.Console.csproj", "{3A003722-92A6-4CD3-BB05-24E7E73F1F02}"
EndProject
Global
	GlobalSection(SolutionConfigurationPlatforms) = preSolution
		Debug|Any CPU = Debug|Any CPU
		Release|Any CPU = Release|Any CPU
	EndGlobalSection
	GlobalSection(NestedProjects) = preSolution
		{D34404DB-2D10-419F-8F9A-BAC74A37DFAC} = {D5FF5F81-FA2D-4428-9DDE-1070F58E443B}
		{218E3C94-F314-45DB-AFC7-44874BA21B37} = {D34404DB-2D10-419F-8F9A-BAC74A37DFAC}
		{C9D06962-C4AD-4AE6-A995-459A42215F7D} = {D34404DB-2D10-419F-8F9A-BAC74A37DFAC}
		{FC45F247-D3C2-406F-BF6F-91FE14D0A4DD} = {D34404DB-2D10-419F-8F9A-BAC74A37DFAC}
		{361126A1-A6A4-418D-8E16-C361FE406B91} = {D5FF5F81-FA2D-4428-9DDE-1070F58E443B}
		{B0C58450-701A-4911-AEE2-54F8348D8AA4} = {361126A1-A6A4-418D-8E16-C361FE406B91}
		{A3D15310-BB4E-4158-8F1D-1503B89D367A} = {361126A1-A6A4-418D-8E16-C361FE406B91}
		{EF32A5D4-8C05-4673-9721-F2D52371D0D6} = {E9E0CD56-8EF4-4943-81D3-99A752BBF090}
		{3A003722-92A6-4CD3-BB05-24E7E73F1F02} = {E9E0CD56-8EF4-4943-81D3-99A752BBF090}
	EndGlobalSection
	GlobalSection(ProjectConfigurationPlatforms) = postSolution
		{218E3C94-F314-45DB-AFC7-44874BA21B37}.Debug|Any CPU.ActiveCfg = Debug|Any CPU
		{218E3C94-F314-45DB-AFC7-44874BA21B37}.Debug|Any CPU.Build.0 = Debug|Any CPU
		{218E3C94-F314-45DB-AFC7-44874BA21B37}.Release|Any CPU.ActiveCfg = Release|Any CPU
		{218E3C94-F314-45DB-AFC7-44874BA21B37}.Release|Any CPU.Build.0 = Release|Any CPU
		{C9D06962-C4AD-4AE6-A995-459A42215F7D}.Debug|Any CPU.ActiveCfg = Debug|Any CPU
		{C9D06962-C4AD-4AE6-A995-459A42215F7D}.Debug|Any CPU.Build.0 = Debug|Any CPU
		{C9D06962-C4AD-4AE6-A995-459A42215F7D}.Release|Any CPU.ActiveCfg = Release|Any CPU
		{C9D06962-C4AD-4AE6-A995-459A42215F7D}.Release|Any CPU.Build.0 = Release|Any CPU
		{FC45F247-D3C2-406F-BF6F-91FE14D0A4DD}.Debug|Any CPU.ActiveCfg = Debug|Any CPU
		{FC45F247-D3C2-406F-BF6F-91FE14D0A4DD}.Debug|Any CPU.Build.0 = Debug|Any CPU
		{FC45F247-D3C2-406F-BF6F-91FE14D0A4DD}.Release|Any CPU.ActiveCfg = Release|Any CPU
		{FC45F247-D3C2-406F-BF6F-91FE14D0A4DD}.Release|Any CPU.Build.0 = Release|Any CPU
		{B0C58450-701A-4911-AEE2-54F8348D8AA4}.Debug|Any CPU.ActiveCfg = Debug|Any CPU
		{B0C58450-701A-4911-AEE2-54F8348D8AA4}.Debug|Any CPU.Build.0 = Debug|Any CPU
		{B0C58450-701A-4911-AEE2-54F8348D8AA4}.Release|Any CPU.ActiveCfg = Release|Any CPU
		{B0C58450-701A-4911-AEE2-54F8348D8AA4}.Release|Any CPU.Build.0 = Release|Any CPU
		{A3D15310-BB4E-4158-8F1D-1503B89D367A}.Debug|Any CPU.ActiveCfg = Debug|Any CPU
		{A3D15310-BB4E-4158-8F1D-1503B89D367A}.Debug|Any CPU.Build.0 = Debug|Any CPU
		{A3D15310-BB4E-4158-8F1D-1503B89D367A}.Release|Any CPU.ActiveCfg = Release|Any CPU
		{A3D15310-BB4E-4158-8F1D-1503B89D367A}.Release|Any CPU.Build.0 = Release|Any CPU
		{EF32A5D4-8C05-4673-9721-F2D52371D0D6}.Debug|Any CPU.ActiveCfg = Debug|Any CPU
		{EF32A5D4-8C05-4673-9721-F2D52371D0D6}.Debug|Any CPU.Build.0 = Debug|Any CPU
		{EF32A5D4-8C05-4673-9721-F2D52371D0D6}.Release|Any CPU.ActiveCfg = Release|Any CPU
		{EF32A5D4-8C05-4673-9721-F2D52371D0D6}.Release|Any CPU.Build.0 = Release|Any CPU
		{3A003722-92A6-4CD3-BB05-24E7E73F1F02}.Debug|Any CPU.ActiveCfg = Debug|Any CPU
		{3A003722-92A6-4CD3-BB05-24E7E73F1F02}.Debug|Any CPU.Build.0 = Debug|Any CPU
		{3A003722-92A6-4CD3-BB05-24E7E73F1F02}.Release|Any CPU.ActiveCfg = Release|Any CPU
		{3A003722-92A6-4CD3-BB05-24E7E73F1F02}.Release|Any CPU.Build.0 = Release|Any CPU
	EndGlobalSection
EndGlobal
